
Microsoft Visual Studio Solution File, Format Version 12.00
# Visual Studio 15
Project("{FAE04EC0-301F-11D3-BF4B-00C04F79EFBC}") = "CountUpperCase", "CountUpperCase\CountUpperCase.csproj", "{25579FF6-7BAC-407B-905E-9C9433E72149}"
EndProject
Global
	GlobalSection(SolutionConfigurationPlatforms) = preSolution
		Debug|x86 = Debug|x86
		Release|x86 = Release|x86
	EndGlobalSection
	GlobalSection(ProjectConfigurationPlatforms) = postSolution
		{25579FF6-7BAC-407B-905E-9C9433E72149}.Debug|x86.ActiveCfg = Debug|x86
		{25579FF6-7BAC-407B-905E-9C9433E72149}.Debug|x86.Build.0 = Debug|x86
		{25579FF6-7BAC-407B-905E-9C9433E72149}.Release|x86.ActiveCfg = Release|x86
		{25579FF6-7BAC-407B-905E-9C9433E72149}.Release|x86.Build.0 = Release|x86
	EndGlobalSection
EndGlobal
